// !$*UTF8*$!
{
	archiveVersion = 1;
	classes = {
	};
	objectVersion = 60;
	objects = {

/* Begin PBXBuildFile section */
		6B7B609D2CD97677007F45FF /* UIView.swift in Sources */ = {isa = PBXBuildFile; fileRef = 6B7B609C2CD97677007F45FF /* UIView.swift */; };
		6B7B609F2CD976A3007F45FF /* ViewController.swift in Sources */ = {isa = PBXBuildFile; fileRef = 6B7B609E2CD976A3007F45FF /* ViewController.swift */; };
		6B7B60A12CD97CEC007F45FF /* ShadowView.swift in Sources */ = {isa = PBXBuildFile; fileRef = 6B7B60A02CD97CEC007F45FF /* ShadowView.swift */; };
		6B7B60A32CD97DC2007F45FF /* BaseTextField.swift in Sources */ = {isa = PBXBuildFile; fileRef = 6B7B60A22CD97DC2007F45FF /* BaseTextField.swift */; };
		6B7B60A52CD982C3007F45FF /* BaseButton.swift in Sources */ = {isa = PBXBuildFile; fileRef = 6B7B60A42CD982C3007F45FF /* BaseButton.swift */; };
		6B7B60A72CD984AD007F45FF /* Poppins-Regular.ttf in Resources */ = {isa = PBXBuildFile; fileRef = 6B7B60A62CD984AD007F45FF /* Poppins-Regular.ttf */; };
		6B7B60AB2CD98610007F45FF /* AlcoholModel.swift in Sources */ = {isa = PBXBuildFile; fileRef = 6B7B60AA2CD98606007F45FF /* AlcoholModel.swift */; };
		6B7B60AE2CD98698007F45FF /* CoreDataManager.swift in Sources */ = {isa = PBXBuildFile; fileRef = 6B7B60AD2CD98698007F45FF /* CoreDataManager.swift */; };
		6B7B60B12CD9885D007F45FF /* AlcoholFormViewModel.swift in Sources */ = {isa = PBXBuildFile; fileRef = 6B7B60B02CD98854007F45FF /* AlcoholFormViewModel.swift */; };
		6B7B60B32CD98946007F45FF /* String.swift in Sources */ = {isa = PBXBuildFile; fileRef = 6B7B60B22CD98946007F45FF /* String.swift */; };
		6B7B60B52CDA18DD007F45FF /* Double.swift in Sources */ = {isa = PBXBuildFile; fileRef = 6B7B60B42CDA18DD007F45FF /* Double.swift */; };
		6B7B60B72CDA1960007F45FF /* BasePriceTextField.swift in Sources */ = {isa = PBXBuildFile; fileRef = 6B7B60B62CDA1960007F45FF /* BasePriceTextField.swift */; };
		6B7B60BB2CDA33A2007F45FF /* AlcoholTableViewCell.xib in Resources */ = {isa = PBXBuildFile; fileRef = 6B7B60BA2CDA33A2007F45FF /* AlcoholTableViewCell.xib */; };
		6B7B60BC2CDA33A2007F45FF /* AlcoholTableViewCell.swift in Sources */ = {isa = PBXBuildFile; fileRef = 6B7B60B92CDA33A2007F45FF /* AlcoholTableViewCell.swift */; };
		6B7B60BF2CDA396E007F45FF /* HomeViewModel.swift in Sources */ = {isa = PBXBuildFile; fileRef = 6B7B60BE2CDA396D007F45FF /* HomeViewModel.swift */; };
		6B7B60C42CDA751C007F45FF /* CorrectionViewController.xib in Resources */ = {isa = PBXBuildFile; fileRef = 6B7B60C32CDA751C007F45FF /* CorrectionViewController.xib */; };
		6B7B60C52CDA751C007F45FF /* CorrectionViewController.swift in Sources */ = {isa = PBXBuildFile; fileRef = 6B7B60C22CDA751C007F45FF /* CorrectionViewController.swift */; };
		6B7B60C72CDA75BE007F45FF /* NavigationViewController.swift in Sources */ = {isa = PBXBuildFile; fileRef = 6B7B60C62CDA75BE007F45FF /* NavigationViewController.swift */; };
		6B7B60CA2CDA7BCF007F45FF /* CorrectionViewModel.swift in Sources */ = {isa = PBXBuildFile; fileRef = 6B7B60C92CDA7BCF007F45FF /* CorrectionViewModel.swift */; };
		6B7B60CD2CDA8C0B007F45FF /* QuantityChangeModel.swift in Sources */ = {isa = PBXBuildFile; fileRef = 6B7B60CC2CDA8C0B007F45FF /* QuantityChangeModel.swift */; };
		6B7B60D02CDA8C40007F45FF /* ReportViewModel.swift in Sources */ = {isa = PBXBuildFile; fileRef = 6B7B60CF2CDA8C40007F45FF /* ReportViewModel.swift */; };
		6B7B60D22CDA8D40007F45FF /* Date.swift in Sources */ = {isa = PBXBuildFile; fileRef = 6B7B60D12CDA8D40007F45FF /* Date.swift */; };
		6B7B60DA2CDB2E59007F45FF /* ReportTableViewCell.xib in Resources */ = {isa = PBXBuildFile; fileRef = 6B7B60D92CDB2E59007F45FF /* ReportTableViewCell.xib */; };
		6B7B60DB2CDB2E59007F45FF /* ReportTableViewCell.swift in Sources */ = {isa = PBXBuildFile; fileRef = 6B7B60D82CDB2E59007F45FF /* ReportTableViewCell.swift */; };
		6BE641412CD9555F00CB5FD9 /* AppDelegate.swift in Sources */ = {isa = PBXBuildFile; fileRef = 6BE641402CD9555F00CB5FD9 /* AppDelegate.swift */; };
		6BE641432CD9555F00CB5FD9 /* SceneDelegate.swift in Sources */ = {isa = PBXBuildFile; fileRef = 6BE641422CD9555F00CB5FD9 /* SceneDelegate.swift */; };
		6BE641482CD9555F00CB5FD9 /* Base in Resources */ = {isa = PBXBuildFile; fileRef = 6BE641472CD9555F00CB5FD9 /* Base */; };
		6BE6414B2CD9555F00CB5FD9 /* Alcohol_accounting.xcdatamodeld in Sources */ = {isa = PBXBuildFile; fileRef = 6BE641492CD9555F00CB5FD9 /* Alcohol_accounting.xcdatamodeld */; };
		6BE6414D2CD9556000CB5FD9 /* Assets.xcassets in Resources */ = {isa = PBXBuildFile; fileRef = 6BE6414C2CD9556000CB5FD9 /* Assets.xcassets */; };
		6BE641502CD9556000CB5FD9 /* Base in Resources */ = {isa = PBXBuildFile; fileRef = 6BE6414F2CD9556000CB5FD9 /* Base */; };
		6BE641592CD9561A00CB5FD9 /* TabBarViewController.swift in Sources */ = {isa = PBXBuildFile; fileRef = 6BE641582CD9561A00CB5FD9 /* TabBarViewController.swift */; };
		6BE641602CD9571300CB5FD9 /* Home.storyboard in Resources */ = {isa = PBXBuildFile; fileRef = 6BE6415F2CD9571300CB5FD9 /* Home.storyboard */; };
		6BE641622CD9572700CB5FD9 /* HomeViewController.swift in Sources */ = {isa = PBXBuildFile; fileRef = 6BE641612CD9572700CB5FD9 /* HomeViewController.swift */; };
		6BE641642CD9588E00CB5FD9 /* AlcoholForm.storyboard in Resources */ = {isa = PBXBuildFile; fileRef = 6BE641632CD9588E00CB5FD9 /* AlcoholForm.storyboard */; };
		6BE641662CD9589D00CB5FD9 /* AlcoholFormViewController.swift in Sources */ = {isa = PBXBuildFile; fileRef = 6BE641652CD9589D00CB5FD9 /* AlcoholFormViewController.swift */; };
		6BE641692CD958E000CB5FD9 /* Report.storyboard in Resources */ = {isa = PBXBuildFile; fileRef = 6BE641682CD958E000CB5FD9 /* Report.storyboard */; };
		6BE6416B2CD958EB00CB5FD9 /* ReportViewController.swift in Sources */ = {isa = PBXBuildFile; fileRef = 6BE6416A2CD958EB00CB5FD9 /* ReportViewController.swift */; };
		6BE6416E2CD9590900CB5FD9 /* Settings.storyboard in Resources */ = {isa = PBXBuildFile; fileRef = 6BE6416D2CD9590900CB5FD9 /* Settings.storyboard */; };
		6BE641702CD9591200CB5FD9 /* SettingsViewController.swift in Sources */ = {isa = PBXBuildFile; fileRef = 6BE6416F2CD9591200CB5FD9 /* SettingsViewController.swift */; };
		6BE641742CD9667700CB5FD9 /* Font.swift in Sources */ = {isa = PBXBuildFile; fileRef = 6BE641732CD9667700CB5FD9 /* Font.swift */; };
		6BE641782CD9674000CB5FD9 /* Montserrat-Medium.ttf in Resources */ = {isa = PBXBuildFile; fileRef = 6BE641752CD9674000CB5FD9 /* Montserrat-Medium.ttf */; };
		6BE641792CD9674000CB5FD9 /* Montserrat-Regular.ttf in Resources */ = {isa = PBXBuildFile; fileRef = 6BE641762CD9674000CB5FD9 /* Montserrat-Regular.ttf */; };
		6BE6417A2CD9674000CB5FD9 /* Montserrat-SemiBold.ttf in Resources */ = {isa = PBXBuildFile; fileRef = 6BE641772CD9674000CB5FD9 /* Montserrat-SemiBold.ttf */; };
		6BE6417E2CD967B400CB5FD9 /* Poppins-Medium.ttf in Resources */ = {isa = PBXBuildFile; fileRef = 6BE6417B2CD967B400CB5FD9 /* Poppins-Medium.ttf */; };
		6BE641802CD967B400CB5FD9 /* Poppins-Light.ttf in Resources */ = {isa = PBXBuildFile; fileRef = 6BE6417D2CD967B400CB5FD9 /* Poppins-Light.ttf */; };
		CACA835B7D479C1421A3D6DC /* Pods_Alcohol_accounting.framework in Frameworks */ = {isa = PBXBuildFile; fileRef = 5F5E61CBCB01D109F5DB5A24 /* Pods_Alcohol_accounting.framework */; };
/* End PBXBuildFile section */

/* Begin PBXFileReference section */
		5F5E61CBCB01D109F5DB5A24 /* Pods_Alcohol_accounting.framework */ = {isa = PBXFileReference; explicitFileType = wrapper.framework; includeInIndex = 0; path = Pods_Alcohol_accounting.framework; sourceTree = BUILT_PRODUCTS_DIR; };
		6B7B609C2CD97677007F45FF /* UIView.swift */ = {isa = PBXFileReference; lastKnownFileType = sourcecode.swift; path = UIView.swift; sourceTree = "<group>"; };
		6B7B609E2CD976A3007F45FF /* ViewController.swift */ = {isa = PBXFileReference; lastKnownFileType = sourcecode.swift; path = ViewController.swift; sourceTree = "<group>"; };
		6B7B60A02CD97CEC007F45FF /* ShadowView.swift */ = {isa = PBXFileReference; lastKnownFileType = sourcecode.swift; path = ShadowView.swift; sourceTree = "<group>"; };
		6B7B60A22CD97DC2007F45FF /* BaseTextField.swift */ = {isa = PBXFileReference; lastKnownFileType = sourcecode.swift; path = BaseTextField.swift; sourceTree = "<group>"; };
		6B7B60A42CD982C3007F45FF /* BaseButton.swift */ = {isa = PBXFileReference; lastKnownFileType = sourcecode.swift; path = BaseButton.swift; sourceTree = "<group>"; };
		6B7B60A62CD984AD007F45FF /* Poppins-Regular.ttf */ = {isa = PBXFileReference; lastKnownFileType = file; path = "Poppins-Regular.ttf"; sourceTree = "<group>"; };
		6B7B60AA2CD98606007F45FF /* AlcoholModel.swift */ = {isa = PBXFileReference; lastKnownFileType = sourcecode.swift; path = AlcoholModel.swift; sourceTree = "<group>"; };
		6B7B60AD2CD98698007F45FF /* CoreDataManager.swift */ = {isa = PBXFileReference; lastKnownFileType = sourcecode.swift; path = CoreDataManager.swift; sourceTree = "<group>"; };
		6B7B60B02CD98854007F45FF /* AlcoholFormViewModel.swift */ = {isa = PBXFileReference; lastKnownFileType = sourcecode.swift; path = AlcoholFormViewModel.swift; sourceTree = "<group>"; };
		6B7B60B22CD98946007F45FF /* String.swift */ = {isa = PBXFileReference; lastKnownFileType = sourcecode.swift; path = String.swift; sourceTree = "<group>"; };
		6B7B60B42CDA18DD007F45FF /* Double.swift */ = {isa = PBXFileReference; lastKnownFileType = sourcecode.swift; path = Double.swift; sourceTree = "<group>"; };
		6B7B60B62CDA1960007F45FF /* BasePriceTextField.swift */ = {isa = PBXFileReference; lastKnownFileType = sourcecode.swift; path = BasePriceTextField.swift; sourceTree = "<group>"; };
		6B7B60B92CDA33A2007F45FF /* AlcoholTableViewCell.swift */ = {isa = PBXFileReference; lastKnownFileType = sourcecode.swift; path = AlcoholTableViewCell.swift; sourceTree = "<group>"; };
		6B7B60BA2CDA33A2007F45FF /* AlcoholTableViewCell.xib */ = {isa = PBXFileReference; lastKnownFileType = file.xib; path = AlcoholTableViewCell.xib; sourceTree = "<group>"; };
		6B7B60BE2CDA396D007F45FF /* HomeViewModel.swift */ = {isa = PBXFileReference; lastKnownFileType = sourcecode.swift; path = HomeViewModel.swift; sourceTree = "<group>"; };
		6B7B60C22CDA751C007F45FF /* CorrectionViewController.swift */ = {isa = PBXFileReference; lastKnownFileType = sourcecode.swift; path = CorrectionViewController.swift; sourceTree = "<group>"; };
		6B7B60C32CDA751C007F45FF /* CorrectionViewController.xib */ = {isa = PBXFileReference; lastKnownFileType = file.xib; path = CorrectionViewController.xib; sourceTree = "<group>"; };
		6B7B60C62CDA75BE007F45FF /* NavigationViewController.swift */ = {isa = PBXFileReference; lastKnownFileType = sourcecode.swift; path = NavigationViewController.swift; sourceTree = "<group>"; };
		6B7B60C92CDA7BCF007F45FF /* CorrectionViewModel.swift */ = {isa = PBXFileReference; lastKnownFileType = sourcecode.swift; path = CorrectionViewModel.swift; sourceTree = "<group>"; };
		6B7B60CC2CDA8C0B007F45FF /* QuantityChangeModel.swift */ = {isa = PBXFileReference; lastKnownFileType = sourcecode.swift; path = QuantityChangeModel.swift; sourceTree = "<group>"; };
		6B7B60CF2CDA8C40007F45FF /* ReportViewModel.swift */ = {isa = PBXFileReference; lastKnownFileType = sourcecode.swift; path = ReportViewModel.swift; sourceTree = "<group>"; };
		6B7B60D12CDA8D40007F45FF /* Date.swift */ = {isa = PBXFileReference; lastKnownFileType = sourcecode.swift; path = Date.swift; sourceTree = "<group>"; };
		6B7B60D82CDB2E59007F45FF /* ReportTableViewCell.swift */ = {isa = PBXFileReference; lastKnownFileType = sourcecode.swift; path = ReportTableViewCell.swift; sourceTree = "<group>"; };
		6B7B60D92CDB2E59007F45FF /* ReportTableViewCell.xib */ = {isa = PBXFileReference; lastKnownFileType = file.xib; path = ReportTableViewCell.xib; sourceTree = "<group>"; };
		6BE6413D2CD9555F00CB5FD9 /* Alcohol_accounting.app */ = {isa = PBXFileReference; explicitFileType = wrapper.application; includeInIndex = 0; path = Alcohol_accounting.app; sourceTree = BUILT_PRODUCTS_DIR; };
		6BE641402CD9555F00CB5FD9 /* AppDelegate.swift */ = {isa = PBXFileReference; lastKnownFileType = sourcecode.swift; path = AppDelegate.swift; sourceTree = "<group>"; };
		6BE641422CD9555F00CB5FD9 /* SceneDelegate.swift */ = {isa = PBXFileReference; lastKnownFileType = sourcecode.swift; path = SceneDelegate.swift; sourceTree = "<group>"; };
		6BE641472CD9555F00CB5FD9 /* Base */ = {isa = PBXFileReference; lastKnownFileType = file.storyboard; name = Base; path = Base.lproj/TabBar.storyboard; sourceTree = "<group>"; };
		6BE6414A2CD9555F00CB5FD9 /* Alcohol_accounting.xcdatamodel */ = {isa = PBXFileReference; lastKnownFileType = wrapper.xcdatamodel; path = Alcohol_accounting.xcdatamodel; sourceTree = "<group>"; };
		6BE6414C2CD9556000CB5FD9 /* Assets.xcassets */ = {isa = PBXFileReference; lastKnownFileType = folder.assetcatalog; path = Assets.xcassets; sourceTree = "<group>"; };
		6BE6414F2CD9556000CB5FD9 /* Base */ = {isa = PBXFileReference; lastKnownFileType = file.storyboard; name = Base; path = Base.lproj/LaunchScreen.storyboard; sourceTree = "<group>"; };
		6BE641512CD9556000CB5FD9 /* Info.plist */ = {isa = PBXFileReference; lastKnownFileType = text.plist.xml; path = Info.plist; sourceTree = "<group>"; };
		6BE641582CD9561A00CB5FD9 /* TabBarViewController.swift */ = {isa = PBXFileReference; lastKnownFileType = sourcecode.swift; path = TabBarViewController.swift; sourceTree = "<group>"; };
		6BE6415F2CD9571300CB5FD9 /* Home.storyboard */ = {isa = PBXFileReference; lastKnownFileType = file.storyboard; path = Home.storyboard; sourceTree = "<group>"; };
		6BE641612CD9572700CB5FD9 /* HomeViewController.swift */ = {isa = PBXFileReference; lastKnownFileType = sourcecode.swift; path = HomeViewController.swift; sourceTree = "<group>"; };
		6BE641632CD9588E00CB5FD9 /* AlcoholForm.storyboard */ = {isa = PBXFileReference; lastKnownFileType = file.storyboard; path = AlcoholForm.storyboard; sourceTree = "<group>"; };
		6BE641652CD9589D00CB5FD9 /* AlcoholFormViewController.swift */ = {isa = PBXFileReference; lastKnownFileType = sourcecode.swift; path = AlcoholFormViewController.swift; sourceTree = "<group>"; };
		6BE641682CD958E000CB5FD9 /* Report.storyboard */ = {isa = PBXFileReference; lastKnownFileType = file.storyboard; path = Report.storyboard; sourceTree = "<group>"; };
		6BE6416A2CD958EB00CB5FD9 /* ReportViewController.swift */ = {isa = PBXFileReference; lastKnownFileType = sourcecode.swift; path = ReportViewController.swift; sourceTree = "<group>"; };
		6BE6416D2CD9590900CB5FD9 /* Settings.storyboard */ = {isa = PBXFileReference; lastKnownFileType = file.storyboard; path = Settings.storyboard; sourceTree = "<group>"; };
		6BE6416F2CD9591200CB5FD9 /* SettingsViewController.swift */ = {isa = PBXFileReference; lastKnownFileType = sourcecode.swift; path = SettingsViewController.swift; sourceTree = "<group>"; };
		6BE641732CD9667700CB5FD9 /* Font.swift */ = {isa = PBXFileReference; lastKnownFileType = sourcecode.swift; path = Font.swift; sourceTree = "<group>"; };
		6BE641752CD9674000CB5FD9 /* Montserrat-Medium.ttf */ = {isa = PBXFileReference; lastKnownFileType = file; path = "Montserrat-Medium.ttf"; sourceTree = "<group>"; };
		6BE641762CD9674000CB5FD9 /* Montserrat-Regular.ttf */ = {isa = PBXFileReference; lastKnownFileType = file; path = "Montserrat-Regular.ttf"; sourceTree = "<group>"; };
		6BE641772CD9674000CB5FD9 /* Montserrat-SemiBold.ttf */ = {isa = PBXFileReference; lastKnownFileType = file; path = "Montserrat-SemiBold.ttf"; sourceTree = "<group>"; };
		6BE6417B2CD967B400CB5FD9 /* Poppins-Medium.ttf */ = {isa = PBXFileReference; lastKnownFileType = file; path = "Poppins-Medium.ttf"; sourceTree = "<group>"; };
		6BE6417D2CD967B400CB5FD9 /* Poppins-Light.ttf */ = {isa = PBXFileReference; lastKnownFileType = file; path = "Poppins-Light.ttf"; sourceTree = "<group>"; };
		9CEB69512A3CBA4B843DEF98 /* Pods-Alcohol_accounting.debug.xcconfig */ = {isa = PBXFileReference; includeInIndex = 1; lastKnownFileType = text.xcconfig; name = "Pods-Alcohol_accounting.debug.xcconfig"; path = "Target Support Files/Pods-Alcohol_accounting/Pods-Alcohol_accounting.debug.xcconfig"; sourceTree = "<group>"; };
		C339F81757D4EDA37EB530EF /* Pods-Alcohol_accounting.release.xcconfig */ = {isa = PBXFileReference; includeInIndex = 1; lastKnownFileType = text.xcconfig; name = "Pods-Alcohol_accounting.release.xcconfig"; path = "Target Support Files/Pods-Alcohol_accounting/Pods-Alcohol_accounting.release.xcconfig"; sourceTree = "<group>"; };
/* End PBXFileReference section */

/* Begin PBXFrameworksBuildPhase section */
		6BE6413A2CD9555F00CB5FD9 /* Frameworks */ = {
			isa = PBXFrameworksBuildPhase;
			buildActionMask = 2147483647;
			files = (
				CACA835B7D479C1421A3D6DC /* Pods_Alcohol_accounting.framework in Frameworks */,
			);
			runOnlyForDeploymentPostprocessing = 0;
		};
/* End PBXFrameworksBuildPhase section */

/* Begin PBXGroup section */
		6B7B60A82CD985AD007F45FF /* View */ = {
			isa = PBXGroup;
			children = (
				6BE641652CD9589D00CB5FD9 /* AlcoholFormViewController.swift */,
				6BE641632CD9588E00CB5FD9 /* AlcoholForm.storyboard */,
			);
			path = View;
			sourceTree = "<group>";
		};
		6B7B60A92CD98600007F45FF /* Model */ = {
			isa = PBXGroup;
			children = (
				6B7B60AA2CD98606007F45FF /* AlcoholModel.swift */,
			);
			path = Model;
			sourceTree = "<group>";
		};
		6B7B60AC2CD9868F007F45FF /* CoreData */ = {
			isa = PBXGroup;
			children = (
				6B7B60AD2CD98698007F45FF /* CoreDataManager.swift */,
			);
			path = CoreData;
			sourceTree = "<group>";
		};
		6B7B60AF2CD98850007F45FF /* ViewModel */ = {
			isa = PBXGroup;
			children = (
				6B7B60B02CD98854007F45FF /* AlcoholFormViewModel.swift */,
			);
			path = ViewModel;
			sourceTree = "<group>";
		};
		6B7B60B82CDA3383007F45FF /* Cell */ = {
			isa = PBXGroup;
			children = (
				6B7B60B92CDA33A2007F45FF /* AlcoholTableViewCell.swift */,
				6B7B60BA2CDA33A2007F45FF /* AlcoholTableViewCell.xib */,
			);
			path = Cell;
			sourceTree = "<group>";
		};
		6B7B60BD2CDA395E007F45FF /* ViewModel */ = {
			isa = PBXGroup;
			children = (
				6B7B60BE2CDA396D007F45FF /* HomeViewModel.swift */,
			);
			path = ViewModel;
			sourceTree = "<group>";
		};
		6B7B60C02CDA72E1007F45FF /* Correction */ = {
			isa = PBXGroup;
			children = (
				6B7B60C82CDA7BC2007F45FF /* ViewModel */,
				6B7B60C12CDA7309007F45FF /* View */,
			);
			path = Correction;
			sourceTree = "<group>";
		};
		6B7B60C12CDA7309007F45FF /* View */ = {
			isa = PBXGroup;
			children = (
				6B7B60C22CDA751C007F45FF /* CorrectionViewController.swift */,
				6B7B60C32CDA751C007F45FF /* CorrectionViewController.xib */,
			);
			path = View;
			sourceTree = "<group>";
		};
		6B7B60C82CDA7BC2007F45FF /* ViewModel */ = {
			isa = PBXGroup;
			children = (
				6B7B60C92CDA7BCF007F45FF /* CorrectionViewModel.swift */,
			);
			path = ViewModel;
			sourceTree = "<group>";
		};
		6B7B60CB2CDA8BFA007F45FF /* Model */ = {
			isa = PBXGroup;
			children = (
				6B7B60CC2CDA8C0B007F45FF /* QuantityChangeModel.swift */,
			);
			path = Model;
			sourceTree = "<group>";
		};
		6B7B60CE2CDA8C34007F45FF /* ViewModel */ = {
			isa = PBXGroup;
			children = (
				6B7B60CF2CDA8C40007F45FF /* ReportViewModel.swift */,
			);
			path = ViewModel;
			sourceTree = "<group>";
		};
		6B7B60D32CDB2E2A007F45FF /* Cell */ = {
			isa = PBXGroup;
			children = (
				6B7B60D82CDB2E59007F45FF /* ReportTableViewCell.swift */,
				6B7B60D92CDB2E59007F45FF /* ReportTableViewCell.xib */,
			);
			path = Cell;
			sourceTree = "<group>";
		};
		6BE641342CD9555F00CB5FD9 = {
			isa = PBXGroup;
			children = (
				6BE6413F2CD9555F00CB5FD9 /* Alcohol_accounting */,
				6BE6413E2CD9555F00CB5FD9 /* Products */,
				CDDB76BFF465B65DB7352E78 /* Pods */,
				B6CD64A1B4CB2096B2FB68DB /* Frameworks */,
			);
			sourceTree = "<group>";
		};
		6BE6413E2CD9555F00CB5FD9 /* Products */ = {
			isa = PBXGroup;
			children = (
				6BE6413D2CD9555F00CB5FD9 /* Alcohol_accounting.app */,
			);
			name = Products;
			sourceTree = "<group>";
		};
		6BE6413F2CD9555F00CB5FD9 /* Alcohol_accounting */ = {
			isa = PBXGroup;
			children = (
				6B7B60C02CDA72E1007F45FF /* Correction */,
				6B7B60AC2CD9868F007F45FF /* CoreData */,
				6BE6415D2CD956FE00CB5FD9 /* Settings */,
				6BE6415C2CD956F700CB5FD9 /* Report */,
				6BE6415B2CD956DB00CB5FD9 /* AlcoholForm */,
				6BE6415A2CD956D500CB5FD9 /* Home */,
				6BE641572CD955B600CB5FD9 /* TabBar */,
				6BE641402CD9555F00CB5FD9 /* AppDelegate.swift */,
				6BE641712CD9666900CB5FD9 /* Extensions */,
				6BE641422CD9555F00CB5FD9 /* SceneDelegate.swift */,
				6BE6414C2CD9556000CB5FD9 /* Assets.xcassets */,
				6BE6414E2CD9556000CB5FD9 /* LaunchScreen.storyboard */,
				6BE641512CD9556000CB5FD9 /* Info.plist */,
				6BE641492CD9555F00CB5FD9 /* Alcohol_accounting.xcdatamodeld */,
			);
			path = Alcohol_accounting;
			sourceTree = "<group>";
		};
		6BE641572CD955B600CB5FD9 /* TabBar */ = {
			isa = PBXGroup;
			children = (
				6BE641582CD9561A00CB5FD9 /* TabBarViewController.swift */,
				6BE641462CD9555F00CB5FD9 /* TabBar.storyboard */,
				6B7B60C62CDA75BE007F45FF /* NavigationViewController.swift */,
			);
			path = TabBar;
			sourceTree = "<group>";
		};
		6BE6415A2CD956D500CB5FD9 /* Home */ = {
			isa = PBXGroup;
			children = (
				6B7B60BD2CDA395E007F45FF /* ViewModel */,
				6B7B60B82CDA3383007F45FF /* Cell */,
				6BE6415E2CD9570700CB5FD9 /* View */,
			);
			path = Home;
			sourceTree = "<group>";
		};
		6BE6415B2CD956DB00CB5FD9 /* AlcoholForm */ = {
			isa = PBXGroup;
			children = (
				6B7B60AF2CD98850007F45FF /* ViewModel */,
				6B7B60A92CD98600007F45FF /* Model */,
				6B7B60A82CD985AD007F45FF /* View */,
			);
			path = AlcoholForm;
			sourceTree = "<group>";
		};
		6BE6415C2CD956F700CB5FD9 /* Report */ = {
			isa = PBXGroup;
			children = (
				6B7B60D32CDB2E2A007F45FF /* Cell */,
				6B7B60CE2CDA8C34007F45FF /* ViewModel */,
				6B7B60CB2CDA8BFA007F45FF /* Model */,
				6BE641672CD958D100CB5FD9 /* View */,
			);
			path = Report;
			sourceTree = "<group>";
		};
		6BE6415D2CD956FE00CB5FD9 /* Settings */ = {
			isa = PBXGroup;
			children = (
				6BE6416C2CD958F900CB5FD9 /* View */,
			);
			path = Settings;
			sourceTree = "<group>";
		};
		6BE6415E2CD9570700CB5FD9 /* View */ = {
			isa = PBXGroup;
			children = (
				6BE6415F2CD9571300CB5FD9 /* Home.storyboard */,
				6BE641612CD9572700CB5FD9 /* HomeViewController.swift */,
			);
			path = View;
			sourceTree = "<group>";
		};
		6BE641672CD958D100CB5FD9 /* View */ = {
			isa = PBXGroup;
			children = (
				6BE641682CD958E000CB5FD9 /* Report.storyboard */,
				6BE6416A2CD958EB00CB5FD9 /* ReportViewController.swift */,
			);
			path = View;
			sourceTree = "<group>";
		};
		6BE6416C2CD958F900CB5FD9 /* View */ = {
			isa = PBXGroup;
			children = (
				6BE6416D2CD9590900CB5FD9 /* Settings.storyboard */,
				6BE6416F2CD9591200CB5FD9 /* SettingsViewController.swift */,
			);
			path = View;
			sourceTree = "<group>";
		};
		6BE641712CD9666900CB5FD9 /* Extensions */ = {
			isa = PBXGroup;
			children = (
				6B7B60B22CD98946007F45FF /* String.swift */,
				6B7B60A22CD97DC2007F45FF /* BaseTextField.swift */,
				6B7B60A02CD97CEC007F45FF /* ShadowView.swift */,
				6B7B609C2CD97677007F45FF /* UIView.swift */,
				6B7B609E2CD976A3007F45FF /* ViewController.swift */,
				6B7B60B62CDA1960007F45FF /* BasePriceTextField.swift */,
				6B7B60D12CDA8D40007F45FF /* Date.swift */,
				6B7B60B42CDA18DD007F45FF /* Double.swift */,
				6B7B60A42CD982C3007F45FF /* BaseButton.swift */,
				6BE641722CD9666F00CB5FD9 /* Font */,
			);
			path = Extensions;
			sourceTree = "<group>";
		};
		6BE641722CD9666F00CB5FD9 /* Font */ = {
			isa = PBXGroup;
			children = (
				6BE641732CD9667700CB5FD9 /* Font.swift */,
				6BE641752CD9674000CB5FD9 /* Montserrat-Medium.ttf */,
				6BE641762CD9674000CB5FD9 /* Montserrat-Regular.ttf */,
				6BE641772CD9674000CB5FD9 /* Montserrat-SemiBold.ttf */,
				6BE6417D2CD967B400CB5FD9 /* Poppins-Light.ttf */,
				6BE6417B2CD967B400CB5FD9 /* Poppins-Medium.ttf */,
				6B7B60A62CD984AD007F45FF /* Poppins-Regular.ttf */,
			);
			path = Font;
			sourceTree = "<group>";
		};
		B6CD64A1B4CB2096B2FB68DB /* Frameworks */ = {
			isa = PBXGroup;
			children = (
				5F5E61CBCB01D109F5DB5A24 /* Pods_Alcohol_accounting.framework */,
			);
			name = Frameworks;
			sourceTree = "<group>";
		};
		CDDB76BFF465B65DB7352E78 /* Pods */ = {
			isa = PBXGroup;
			children = (
				9CEB69512A3CBA4B843DEF98 /* Pods-Alcohol_accounting.debug.xcconfig */,
				C339F81757D4EDA37EB530EF /* Pods-Alcohol_accounting.release.xcconfig */,
			);
			path = Pods;
			sourceTree = "<group>";
		};
/* End PBXGroup section */

/* Begin PBXNativeTarget section */
		6BE6413C2CD9555F00CB5FD9 /* Alcohol_accounting */ = {
			isa = PBXNativeTarget;
			buildConfigurationList = 6BE641542CD9556000CB5FD9 /* Build configuration list for PBXNativeTarget "Alcohol_accounting" */;
			buildPhases = (
				C4480530C987555D47B78DA3 /* [CP] Check Pods Manifest.lock */,
				6BE641392CD9555F00CB5FD9 /* Sources */,
				6BE6413A2CD9555F00CB5FD9 /* Frameworks */,
				6BE6413B2CD9555F00CB5FD9 /* Resources */,
				7DD8F5F5C637F484D0C6E1D0 /* [CP] Embed Pods Frameworks */,
			);
			buildRules = (
			);
			dependencies = (
			);
			name = Alcohol_accounting;
			productName = Alcohol_accounting;
			productReference = 6BE6413D2CD9555F00CB5FD9 /* Alcohol_accounting.app */;
			productType = "com.apple.product-type.application";
		};
/* End PBXNativeTarget section */

/* Begin PBXProject section */
		6BE641352CD9555F00CB5FD9 /* Project object */ = {
			isa = PBXProject;
			attributes = {
				BuildIndependentTargetsInParallel = 1;
				LastSwiftUpdateCheck = 1540;
				LastUpgradeCheck = 1540;
				TargetAttributes = {
					6BE6413C2CD9555F00CB5FD9 = {
						CreatedOnToolsVersion = 15.4;
					};
				};
			};
			buildConfigurationList = 6BE641382CD9555F00CB5FD9 /* Build configuration list for PBXProject "Alcohol_accounting" */;
			compatibilityVersion = "Xcode 15.0";
			developmentRegion = en;
			hasScannedForEncodings = 0;
			knownRegions = (
				en,
				Base,
			);
			mainGroup = 6BE641342CD9555F00CB5FD9;
			productRefGroup = 6BE6413E2CD9555F00CB5FD9 /* Products */;
			projectDirPath = "";
			projectRoot = "";
			targets = (
				6BE6413C2CD9555F00CB5FD9 /* Alcohol_accounting */,
			);
		};
/* End PBXProject section */

/* Begin PBXResourcesBuildPhase section */
		6BE6413B2CD9555F00CB5FD9 /* Resources */ = {
			isa = PBXResourcesBuildPhase;
			buildActionMask = 2147483647;
			files = (
				6BE641792CD9674000CB5FD9 /* Montserrat-Regular.ttf in Resources */,
				6BE641802CD967B400CB5FD9 /* Poppins-Light.ttf in Resources */,
				6B7B60A72CD984AD007F45FF /* Poppins-Regular.ttf in Resources */,
				6BE641642CD9588E00CB5FD9 /* AlcoholForm.storyboard in Resources */,
				6BE6417E2CD967B400CB5FD9 /* Poppins-Medium.ttf in Resources */,
				6BE6414D2CD9556000CB5FD9 /* Assets.xcassets in Resources */,
				6BE641692CD958E000CB5FD9 /* Report.storyboard in Resources */,
				6B7B60DA2CDB2E59007F45FF /* ReportTableViewCell.xib in Resources */,
				6BE6417A2CD9674000CB5FD9 /* Montserrat-SemiBold.ttf in Resources */,
				6BE641502CD9556000CB5FD9 /* Base in Resources */,
				6BE641482CD9555F00CB5FD9 /* Base in Resources */,
				6B7B60BB2CDA33A2007F45FF /* AlcoholTableViewCell.xib in Resources */,
				6BE641602CD9571300CB5FD9 /* Home.storyboard in Resources */,
				6BE641782CD9674000CB5FD9 /* Montserrat-Medium.ttf in Resources */,
				6BE6416E2CD9590900CB5FD9 /* Settings.storyboard in Resources */,
				6B7B60C42CDA751C007F45FF /* CorrectionViewController.xib in Resources */,
			);
			runOnlyForDeploymentPostprocessing = 0;
		};
/* End PBXResourcesBuildPhase section */

/* Begin PBXShellScriptBuildPhase section */
		7DD8F5F5C637F484D0C6E1D0 /* [CP] Embed Pods Frameworks */ = {
			isa = PBXShellScriptBuildPhase;
			buildActionMask = 2147483647;
			files = (
			);
			inputFileListPaths = (
				"${PODS_ROOT}/Target Support Files/Pods-Alcohol_accounting/Pods-Alcohol_accounting-frameworks-${CONFIGURATION}-input-files.xcfilelist",
			);
			name = "[CP] Embed Pods Frameworks";
			outputFileListPaths = (
				"${PODS_ROOT}/Target Support Files/Pods-Alcohol_accounting/Pods-Alcohol_accounting-frameworks-${CONFIGURATION}-output-files.xcfilelist",
			);
			runOnlyForDeploymentPostprocessing = 0;
			shellPath = /bin/sh;
			shellScript = "\"${PODS_ROOT}/Target Support Files/Pods-Alcohol_accounting/Pods-Alcohol_accounting-frameworks.sh\"\n";
			showEnvVarsInLog = 0;
		};
		C4480530C987555D47B78DA3 /* [CP] Check Pods Manifest.lock */ = {
			isa = PBXShellScriptBuildPhase;
			buildActionMask = 2147483647;
			files = (
			);
			inputFileListPaths = (
			);
			inputPaths = (
				"${PODS_PODFILE_DIR_PATH}/Podfile.lock",
				"${PODS_ROOT}/Manifest.lock",
			);
			name = "[CP] Check Pods Manifest.lock";
			outputFileListPaths = (
			);
			outputPaths = (
				"$(DERIVED_FILE_DIR)/Pods-Alcohol_accounting-checkManifestLockResult.txt",
			);
			runOnlyForDeploymentPostprocessing = 0;
			shellPath = /bin/sh;
			shellScript = "diff \"${PODS_PODFILE_DIR_PATH}/Podfile.lock\" \"${PODS_ROOT}/Manifest.lock\" > /dev/null\nif [ $? != 0 ] ; then\n    # print error to STDERR\n    echo \"error: The sandbox is not in sync with the Podfile.lock. Run 'pod install' or update your CocoaPods installation.\" >&2\n    exit 1\nfi\n# This output is used by Xcode 'outputs' to avoid re-running this script phase.\necho \"SUCCESS\" > \"${SCRIPT_OUTPUT_FILE_0}\"\n";
			showEnvVarsInLog = 0;
		};
/* End PBXShellScriptBuildPhase section */

/* Begin PBXSourcesBuildPhase section */
		6BE641392CD9555F00CB5FD9 /* Sources */ = {
			isa = PBXSourcesBuildPhase;
			buildActionMask = 2147483647;
			files = (
				6B7B60C72CDA75BE007F45FF /* NavigationViewController.swift in Sources */,
				6B7B60A12CD97CEC007F45FF /* ShadowView.swift in Sources */,
				6B7B60BF2CDA396E007F45FF /* HomeViewModel.swift in Sources */,
				6BE641622CD9572700CB5FD9 /* HomeViewController.swift in Sources */,
				6BE641662CD9589D00CB5FD9 /* AlcoholFormViewController.swift in Sources */,
				6BE641592CD9561A00CB5FD9 /* TabBarViewController.swift in Sources */,
				6B7B60CD2CDA8C0B007F45FF /* QuantityChangeModel.swift in Sources */,
				6B7B60A32CD97DC2007F45FF /* BaseTextField.swift in Sources */,
				6BE641412CD9555F00CB5FD9 /* AppDelegate.swift in Sources */,
				6B7B60D22CDA8D40007F45FF /* Date.swift in Sources */,
				6BE641432CD9555F00CB5FD9 /* SceneDelegate.swift in Sources */,
				6B7B60CA2CDA7BCF007F45FF /* CorrectionViewModel.swift in Sources */,
				6B7B60B32CD98946007F45FF /* String.swift in Sources */,
				6B7B609D2CD97677007F45FF /* UIView.swift in Sources */,
				6B7B60BC2CDA33A2007F45FF /* AlcoholTableViewCell.swift in Sources */,
				6B7B60DB2CDB2E59007F45FF /* ReportTableViewCell.swift in Sources */,
				6BE641742CD9667700CB5FD9 /* Font.swift in Sources */,
				6B7B60C52CDA751C007F45FF /* CorrectionViewController.swift in Sources */,
				6B7B60B72CDA1960007F45FF /* BasePriceTextField.swift in Sources */,
				6B7B60AB2CD98610007F45FF /* AlcoholModel.swift in Sources */,
				6B7B60D02CDA8C40007F45FF /* ReportViewModel.swift in Sources */,
				6BE6414B2CD9555F00CB5FD9 /* Alcohol_accounting.xcdatamodeld in Sources */,
				6B7B60A52CD982C3007F45FF /* BaseButton.swift in Sources */,
				6BE6416B2CD958EB00CB5FD9 /* ReportViewController.swift in Sources */,
				6B7B609F2CD976A3007F45FF /* ViewController.swift in Sources */,
				6B7B60AE2CD98698007F45FF /* CoreDataManager.swift in Sources */,
				6B7B60B12CD9885D007F45FF /* AlcoholFormViewModel.swift in Sources */,
				6B7B60B52CDA18DD007F45FF /* Double.swift in Sources */,
				6BE641702CD9591200CB5FD9 /* SettingsViewController.swift in Sources */,
			);
			runOnlyForDeploymentPostprocessing = 0;
		};
/* End PBXSourcesBuildPhase section */

/* Begin PBXVariantGroup section */
		6BE641462CD9555F00CB5FD9 /* TabBar.storyboard */ = {
			isa = PBXVariantGroup;
			children = (
				6BE641472CD9555F00CB5FD9 /* Base */,
			);
			name = TabBar.storyboard;
			sourceTree = "<group>";
		};
		6BE6414E2CD9556000CB5FD9 /* LaunchScreen.storyboard */ = {
			isa = PBXVariantGroup;
			children = (
				6BE6414F2CD9556000CB5FD9 /* Base */,
			);
			name = LaunchScreen.storyboard;
			sourceTree = "<group>";
		};
/* End PBXVariantGroup section */

/* Begin XCBuildConfiguration section */
		6BE641522CD9556000CB5FD9 /* Debug */ = {
			isa = XCBuildConfiguration;
			buildSettings = {
				ALWAYS_SEARCH_USER_PATHS = NO;
				ASSETCATALOG_COMPILER_GENERATE_SWIFT_ASSET_SYMBOL_EXTENSIONS = YES;
				CLANG_ANALYZER_NONNULL = YES;
				CLANG_ANALYZER_NUMBER_OBJECT_CONVERSION = YES_AGGRESSIVE;
				CLANG_CXX_LANGUAGE_STANDARD = "gnu++20";
				CLANG_ENABLE_MODULES = YES;
				CLANG_ENABLE_OBJC_ARC = YES;
				CLANG_ENABLE_OBJC_WEAK = YES;
				CLANG_WARN_BLOCK_CAPTURE_AUTORELEASING = YES;
				CLANG_WARN_BOOL_CONVERSION = YES;
				CLANG_WARN_COMMA = YES;
				CLANG_WARN_CONSTANT_CONVERSION = YES;
				CLANG_WARN_DEPRECATED_OBJC_IMPLEMENTATIONS = YES;
				CLANG_WARN_DIRECT_OBJC_ISA_USAGE = YES_ERROR;
				CLANG_WARN_DOCUMENTATION_COMMENTS = YES;
				CLANG_WARN_EMPTY_BODY = YES;
				CLANG_WARN_ENUM_CONVERSION = YES;
				CLANG_WARN_INFINITE_RECURSION = YES;
				CLANG_WARN_INT_CONVERSION = YES;
				CLANG_WARN_NON_LITERAL_NULL_CONVERSION = YES;
				CLANG_WARN_OBJC_IMPLICIT_RETAIN_SELF = YES;
				CLANG_WARN_OBJC_LITERAL_CONVERSION = YES;
				CLANG_WARN_OBJC_ROOT_CLASS = YES_ERROR;
				CLANG_WARN_QUOTED_INCLUDE_IN_FRAMEWORK_HEADER = YES;
				CLANG_WARN_RANGE_LOOP_ANALYSIS = YES;
				CLANG_WARN_STRICT_PROTOTYPES = YES;
				CLANG_WARN_SUSPICIOUS_MOVE = YES;
				CLANG_WARN_UNGUARDED_AVAILABILITY = YES_AGGRESSIVE;
				CLANG_WARN_UNREACHABLE_CODE = YES;
				CLANG_WARN__DUPLICATE_METHOD_MATCH = YES;
				COPY_PHASE_STRIP = NO;
				DEBUG_INFORMATION_FORMAT = dwarf;
				ENABLE_STRICT_OBJC_MSGSEND = YES;
				ENABLE_TESTABILITY = YES;
				ENABLE_USER_SCRIPT_SANDBOXING = NO;
				GCC_C_LANGUAGE_STANDARD = gnu17;
				GCC_DYNAMIC_NO_PIC = NO;
				GCC_NO_COMMON_BLOCKS = YES;
				GCC_OPTIMIZATION_LEVEL = 0;
				GCC_PREPROCESSOR_DEFINITIONS = (
					"DEBUG=1",
					"$(inherited)",
				);
				GCC_WARN_64_TO_32_BIT_CONVERSION = YES;
				GCC_WARN_ABOUT_RETURN_TYPE = YES_ERROR;
				GCC_WARN_UNDECLARED_SELECTOR = YES;
				GCC_WARN_UNINITIALIZED_AUTOS = YES_AGGRESSIVE;
				GCC_WARN_UNUSED_FUNCTION = YES;
				GCC_WARN_UNUSED_VARIABLE = YES;
				IPHONEOS_DEPLOYMENT_TARGET = 15.0;
				LOCALIZATION_PREFERS_STRING_CATALOGS = YES;
				MTL_ENABLE_DEBUG_INFO = INCLUDE_SOURCE;
				MTL_FAST_MATH = YES;
				ONLY_ACTIVE_ARCH = YES;
				SDKROOT = iphoneos;
				SWIFT_ACTIVE_COMPILATION_CONDITIONS = "DEBUG $(inherited)";
				SWIFT_OPTIMIZATION_LEVEL = "-Onone";
			};
			name = Debug;
		};
		6BE641532CD9556000CB5FD9 /* Release */ = {
			isa = XCBuildConfiguration;
			buildSettings = {
				ALWAYS_SEARCH_USER_PATHS = NO;
				ASSETCATALOG_COMPILER_GENERATE_SWIFT_ASSET_SYMBOL_EXTENSIONS = YES;
				CLANG_ANALYZER_NONNULL = YES;
				CLANG_ANALYZER_NUMBER_OBJECT_CONVERSION = YES_AGGRESSIVE;
				CLANG_CXX_LANGUAGE_STANDARD = "gnu++20";
				CLANG_ENABLE_MODULES = YES;
				CLANG_ENABLE_OBJC_ARC = YES;
				CLANG_ENABLE_OBJC_WEAK = YES;
				CLANG_WARN_BLOCK_CAPTURE_AUTORELEASING = YES;
				CLANG_WARN_BOOL_CONVERSION = YES;
				CLANG_WARN_COMMA = YES;
				CLANG_WARN_CONSTANT_CONVERSION = YES;
				CLANG_WARN_DEPRECATED_OBJC_IMPLEMENTATIONS = YES;
				CLANG_WARN_DIRECT_OBJC_ISA_USAGE = YES_ERROR;
				CLANG_WARN_DOCUMENTATION_COMMENTS = YES;
				CLANG_WARN_EMPTY_BODY = YES;
				CLANG_WARN_ENUM_CONVERSION = YES;
				CLANG_WARN_INFINITE_RECURSION = YES;
				CLANG_WARN_INT_CONVERSION = YES;
				CLANG_WARN_NON_LITERAL_NULL_CONVERSION = YES;
				CLANG_WARN_OBJC_IMPLICIT_RETAIN_SELF = YES;
				CLANG_WARN_OBJC_LITERAL_CONVERSION = YES;
				CLANG_WARN_OBJC_ROOT_CLASS = YES_ERROR;
				CLANG_WARN_QUOTED_INCLUDE_IN_FRAMEWORK_HEADER = YES;
				CLANG_WARN_RANGE_LOOP_ANALYSIS = YES;
				CLANG_WARN_STRICT_PROTOTYPES = YES;
				CLANG_WARN_SUSPICIOUS_MOVE = YES;
				CLANG_WARN_UNGUARDED_AVAILABILITY = YES_AGGRESSIVE;
				CLANG_WARN_UNREACHABLE_CODE = YES;
				CLANG_WARN__DUPLICATE_METHOD_MATCH = YES;
				COPY_PHASE_STRIP = NO;
				DEBUG_INFORMATION_FORMAT = "dwarf-with-dsym";
				ENABLE_NS_ASSERTIONS = NO;
				ENABLE_STRICT_OBJC_MSGSEND = YES;
				ENABLE_USER_SCRIPT_SANDBOXING = NO;
				GCC_C_LANGUAGE_STANDARD = gnu17;
				GCC_NO_COMMON_BLOCKS = YES;
				GCC_WARN_64_TO_32_BIT_CONVERSION = YES;
				GCC_WARN_ABOUT_RETURN_TYPE = YES_ERROR;
				GCC_WARN_UNDECLARED_SELECTOR = YES;
				GCC_WARN_UNINITIALIZED_AUTOS = YES_AGGRESSIVE;
				GCC_WARN_UNUSED_FUNCTION = YES;
				GCC_WARN_UNUSED_VARIABLE = YES;
				IPHONEOS_DEPLOYMENT_TARGET = 15.0;
				LOCALIZATION_PREFERS_STRING_CATALOGS = YES;
				MTL_ENABLE_DEBUG_INFO = NO;
				MTL_FAST_MATH = YES;
				SDKROOT = iphoneos;
				SWIFT_COMPILATION_MODE = wholemodule;
				VALIDATE_PRODUCT = YES;
			};
			name = Release;
		};
		6BE641552CD9556000CB5FD9 /* Debug */ = {
			isa = XCBuildConfiguration;
			baseConfigurationReference = 9CEB69512A3CBA4B843DEF98 /* Pods-Alcohol_accounting.debug.xcconfig */;
			buildSettings = {
				ASSETCATALOG_COMPILER_APPICON_NAME = AppIcon;
				ASSETCATALOG_COMPILER_GLOBAL_ACCENT_COLOR_NAME = AccentColor;
				CODE_SIGN_STYLE = Automatic;
				CURRENT_PROJECT_VERSION = 1;
				DEVELOPMENT_TEAM = 9YUSQBCAX9;
				GENERATE_INFOPLIST_FILE = YES;
				INFOPLIST_FILE = Alcohol_accounting/Info.plist;
				INFOPLIST_KEY_UIApplicationSupportsIndirectInputEvents = YES;
				INFOPLIST_KEY_UILaunchStoryboardName = LaunchScreen;
				INFOPLIST_KEY_UIMainStoryboardFile = TabBar;
				INFOPLIST_KEY_UISupportedInterfaceOrientations_iPad = "UIInterfaceOrientationPortrait UIInterfaceOrientationPortraitUpsideDown UIInterfaceOrientationLandscapeLeft UIInterfaceOrientationLandscapeRight";
				INFOPLIST_KEY_UISupportedInterfaceOrientations_iPhone = "UIInterfaceOrientationPortrait UIInterfaceOrientationLandscapeLeft UIInterfaceOrientationLandscapeRight";
				IPHONEOS_DEPLOYMENT_TARGET = 15;
				LD_RUNPATH_SEARCH_PATHS = (
					"$(inherited)",
					"@executable_path/Frameworks",
				);
				MARKETING_VERSION = 1.0;
				PRODUCT_BUNDLE_IDENTIFIER = "Karen.Alcohol-accounting";
				PRODUCT_NAME = "$(TARGET_NAME)";
				SWIFT_EMIT_LOC_STRINGS = YES;
				SWIFT_VERSION = 5.0;
				TARGETED_DEVICE_FAMILY = "1,2";
			};
			name = Debug;
		};
		6BE641562CD9556000CB5FD9 /* Release */ = {
			isa = XCBuildConfiguration;
			baseConfigurationReference = C339F81757D4EDA37EB530EF /* Pods-Alcohol_accounting.release.xcconfig */;
			buildSettings = {
				ASSETCATALOG_COMPILER_APPICON_NAME = AppIcon;
				ASSETCATALOG_COMPILER_GLOBAL_ACCENT_COLOR_NAME = AccentColor;
				CODE_SIGN_STYLE = Automatic;
				CURRENT_PROJECT_VERSION = 1;
				DEVELOPMENT_TEAM = 9YUSQBCAX9;
				GENERATE_INFOPLIST_FILE = YES;
				INFOPLIST_FILE = Alcohol_accounting/Info.plist;
				INFOPLIST_KEY_UIApplicationSupportsIndirectInputEvents = YES;
				INFOPLIST_KEY_UILaunchStoryboardName = LaunchScreen;
				INFOPLIST_KEY_UIMainStoryboardFile = TabBar;
				INFOPLIST_KEY_UISupportedInterfaceOrientations_iPad = "UIInterfaceOrientationPortrait UIInterfaceOrientationPortraitUpsideDown UIInterfaceOrientationLandscapeLeft UIInterfaceOrientationLandscapeRight";
				INFOPLIST_KEY_UISupportedInterfaceOrientations_iPhone = "UIInterfaceOrientationPortrait UIInterfaceOrientationLandscapeLeft UIInterfaceOrientationLandscapeRight";
				IPHONEOS_DEPLOYMENT_TARGET = 15;
				LD_RUNPATH_SEARCH_PATHS = (
					"$(inherited)",
					"@executable_path/Frameworks",
				);
				MARKETING_VERSION = 1.0;
				PRODUCT_BUNDLE_IDENTIFIER = "Karen.Alcohol-accounting";
				PRODUCT_NAME = "$(TARGET_NAME)";
				SWIFT_EMIT_LOC_STRINGS = YES;
				SWIFT_VERSION = 5.0;
				TARGETED_DEVICE_FAMILY = "1,2";
			};
			name = Release;
		};
/* End XCBuildConfiguration section */

/* Begin XCConfigurationList section */
		6BE641382CD9555F00CB5FD9 /* Build configuration list for PBXProject "Alcohol_accounting" */ = {
			isa = XCConfigurationList;
			buildConfigurations = (
				6BE641522CD9556000CB5FD9 /* Debug */,
				6BE641532CD9556000CB5FD9 /* Release */,
			);
			defaultConfigurationIsVisible = 0;
			defaultConfigurationName = Release;
		};
		6BE641542CD9556000CB5FD9 /* Build configuration list for PBXNativeTarget "Alcohol_accounting" */ = {
			isa = XCConfigurationList;
			buildConfigurations = (
				6BE641552CD9556000CB5FD9 /* Debug */,
				6BE641562CD9556000CB5FD9 /* Release */,
			);
			defaultConfigurationIsVisible = 0;
			defaultConfigurationName = Release;
		};
/* End XCConfigurationList section */

/* Begin XCVersionGroup section */
		6BE641492CD9555F00CB5FD9 /* Alcohol_accounting.xcdatamodeld */ = {
			isa = XCVersionGroup;
			children = (
				6BE6414A2CD9555F00CB5FD9 /* Alcohol_accounting.xcdatamodel */,
			);
			currentVersion = 6BE6414A2CD9555F00CB5FD9 /* Alcohol_accounting.xcdatamodel */;
			path = Alcohol_accounting.xcdatamodeld;
			sourceTree = "<group>";
			versionGroupType = wrapper.xcdatamodel;
		};
/* End XCVersionGroup section */
	};
	rootObject = 6BE641352CD9555F00CB5FD9 /* Project object */;
}
